
Microsoft Visual Studio Solution File, Format Version 12.00
# Visual Studio 15
VisualStudioVersion = 15.0.28307.1831
MinimumVisualStudioVersion = 10.0.40219.1
Project("{FAE04EC0-301F-11D3-BF4B-00C04F79EFBC}") = "CalculadoraFisica", "CalculadoraFisica\CalculadoraFisica.csproj", "{8E854F7F-9AD6-46E6-B1AE-4C9F1D8D345F}"
EndProject
Global
	GlobalSection(SolutionConfigurationPlatforms) = preSolution
		Debug|Any CPU = Debug|Any CPU
		Release|Any CPU = Release|Any CPU
	EndGlobalSection
	GlobalSection(ProjectConfigurationPlatforms) = postSolution
		{8E854F7F-9AD6-46E6-B1AE-4C9F1D8D345F}.Debug|Any CPU.ActiveCfg = Debug|Any CPU
		{8E854F7F-9AD6-46E6-B1AE-4C9F1D8D345F}.Debug|Any CPU.Build.0 = Debug|Any CPU
		{8E854F7F-9AD6-46E6-B1AE-4C9F1D8D345F}.Release|Any CPU.ActiveCfg = Release|Any CPU
		{8E854F7F-9AD6-46E6-B1AE-4C9F1D8D345F}.Release|Any CPU.Build.0 = Release|Any CPU
	EndGlobalSection
	GlobalSection(SolutionProperties) = preSolution
		HideSolutionNode = FALSE
	EndGlobalSection
	GlobalSection(ExtensibilityGlobals) = postSolution
		SolutionGuid = {A83B472C-253E-43A1-93AA-532D700FD323}
	EndGlobalSection
EndGlobal
